
Microsoft Visual Studio Solution File, Format Version 12.00
# Visual Studio Version 16
VisualStudioVersion = 16.0.28803.452
MinimumVisualStudioVersion = 10.0.40219.1
Project("{FAE04EC0-301F-11D3-BF4B-00C04F79EFBC}") = "DisConnectedArchitecture_Example", "DisConnectedArchitecture_Example\DisConnectedArchitecture_Example.csproj", "{D05722EE-EF6C-41A9-83EF-7C77B778AB5C}"
EndProject
Project("{FAE04EC0-301F-11D3-BF4B-00C04F79EFBC}") = "Connected_Architecture_Ex1", "..\Connected_Architecture_Ex1\Connected_Architecture_Ex1\Connected_Architecture_Ex1.csproj", "{ACF3816A-747B-4FA5-AC87-5D929597F01B}"
EndProject
Project("{FAE04EC0-301F-11D3-BF4B-00C04F79EFBC}") = "DataRelation", "C:\Users\ABCCOMPUTERS\Desktop\DataRelation\DataRelation\DataRelation.csproj", "{99ED4725-E9F9-4106-828E-F0421D288CC5}"
EndProject
Global
	GlobalSection(SolutionConfigurationPlatforms) = preSolution
		Debug|Any CPU = Debug|Any CPU
		Release|Any CPU = Release|Any CPU
	EndGlobalSection
	GlobalSection(ProjectConfigurationPlatforms) = postSolution
		{D05722EE-EF6C-41A9-83EF-7C77B778AB5C}.Debug|Any CPU.ActiveCfg = Debug|Any CPU
		{D05722EE-EF6C-41A9-83EF-7C77B778AB5C}.Debug|Any CPU.Build.0 = Debug|Any CPU
		{D05722EE-EF6C-41A9-83EF-7C77B778AB5C}.Release|Any CPU.ActiveCfg = Release|Any CPU
		{D05722EE-EF6C-41A9-83EF-7C77B778AB5C}.Release|Any CPU.Build.0 = Release|Any CPU
		{ACF3816A-747B-4FA5-AC87-5D929597F01B}.Debug|Any CPU.ActiveCfg = Debug|Any CPU
		{ACF3816A-747B-4FA5-AC87-5D929597F01B}.Debug|Any CPU.Build.0 = Debug|Any CPU
		{ACF3816A-747B-4FA5-AC87-5D929597F01B}.Release|Any CPU.ActiveCfg = Release|Any CPU
		{ACF3816A-747B-4FA5-AC87-5D929597F01B}.Release|Any CPU.Build.0 = Release|Any CPU
		{99ED4725-E9F9-4106-828E-F0421D288CC5}.Debug|Any CPU.ActiveCfg = Debug|Any CPU
		{99ED4725-E9F9-4106-828E-F0421D288CC5}.Debug|Any CPU.Build.0 = Debug|Any CPU
		{99ED4725-E9F9-4106-828E-F0421D288CC5}.Release|Any CPU.ActiveCfg = Release|Any CPU
		{99ED4725-E9F9-4106-828E-F0421D288CC5}.Release|Any CPU.Build.0 = Release|Any CPU
	EndGlobalSection
	GlobalSection(SolutionProperties) = preSolution
		HideSolutionNode = FALSE
	EndGlobalSection
	GlobalSection(ExtensibilityGlobals) = postSolution
		SolutionGuid = {463BF3CD-585F-4198-96E2-F8DE87E15D6F}
	EndGlobalSection
EndGlobal
