
Microsoft Visual Studio Solution File, Format Version 12.00
# Visual Studio Version 16
VisualStudioVersion = 16.0.28803.452
MinimumVisualStudioVersion = 10.0.40219.1
Project("{FAE04EC0-301F-11D3-BF4B-00C04F79EFBC}") = "ADO_Pooling", "ADO_Pooling\ADO_Pooling.csproj", "{C22E430C-683B-4E8A-8D65-928183C8852B}"
EndProject
Project("{FAE04EC0-301F-11D3-BF4B-00C04F79EFBC}") = "ADO_Transaction_Example", "ADO_Transaction_Example\ADO_Transaction_Example.csproj", "{218ABB2B-6AC6-45A4-871E-89E6852F1020}"
EndProject
Project("{FAE04EC0-301F-11D3-BF4B-00C04F79EFBC}") = "ADO_SP_Procedure", "ADO_SP_Procedure\ADO_SP_Procedure.csproj", "{F4552C66-3EB4-4D8A-89C3-3FA16EE6D20D}"
EndProject
Global
	GlobalSection(SolutionConfigurationPlatforms) = preSolution
		Debug|Any CPU = Debug|Any CPU
		Release|Any CPU = Release|Any CPU
	EndGlobalSection
	GlobalSection(ProjectConfigurationPlatforms) = postSolution
		{C22E430C-683B-4E8A-8D65-928183C8852B}.Debug|Any CPU.ActiveCfg = Debug|Any CPU
		{C22E430C-683B-4E8A-8D65-928183C8852B}.Debug|Any CPU.Build.0 = Debug|Any CPU
		{C22E430C-683B-4E8A-8D65-928183C8852B}.Release|Any CPU.ActiveCfg = Release|Any CPU
		{C22E430C-683B-4E8A-8D65-928183C8852B}.Release|Any CPU.Build.0 = Release|Any CPU
		{218ABB2B-6AC6-45A4-871E-89E6852F1020}.Debug|Any CPU.ActiveCfg = Debug|Any CPU
		{218ABB2B-6AC6-45A4-871E-89E6852F1020}.Debug|Any CPU.Build.0 = Debug|Any CPU
		{218ABB2B-6AC6-45A4-871E-89E6852F1020}.Release|Any CPU.ActiveCfg = Release|Any CPU
		{218ABB2B-6AC6-45A4-871E-89E6852F1020}.Release|Any CPU.Build.0 = Release|Any CPU
		{F4552C66-3EB4-4D8A-89C3-3FA16EE6D20D}.Debug|Any CPU.ActiveCfg = Debug|Any CPU
		{F4552C66-3EB4-4D8A-89C3-3FA16EE6D20D}.Debug|Any CPU.Build.0 = Debug|Any CPU
		{F4552C66-3EB4-4D8A-89C3-3FA16EE6D20D}.Release|Any CPU.ActiveCfg = Release|Any CPU
		{F4552C66-3EB4-4D8A-89C3-3FA16EE6D20D}.Release|Any CPU.Build.0 = Release|Any CPU
	EndGlobalSection
	GlobalSection(SolutionProperties) = preSolution
		HideSolutionNode = FALSE
	EndGlobalSection
	GlobalSection(ExtensibilityGlobals) = postSolution
		SolutionGuid = {0809D436-6CB5-42C6-AF27-7B2C27B27BBE}
	EndGlobalSection
EndGlobal
