
Microsoft Visual Studio Solution File, Format Version 12.00
# Visual Studio Version 16
VisualStudioVersion = 16.0.28803.452
MinimumVisualStudioVersion = 10.0.40219.1
Project("{FAE04EC0-301F-11D3-BF4B-00C04F79EFBC}") = "ADo_Net_example1", "ADo_Net_example1\ADo_Net_example1.csproj", "{C015A36C-F02C-425C-9332-47BC17EEB4FB}"
EndProject
Global
	GlobalSection(SolutionConfigurationPlatforms) = preSolution
		Debug|Any CPU = Debug|Any CPU
		Release|Any CPU = Release|Any CPU
	EndGlobalSection
	GlobalSection(ProjectConfigurationPlatforms) = postSolution
		{C015A36C-F02C-425C-9332-47BC17EEB4FB}.Debug|Any CPU.ActiveCfg = Debug|Any CPU
		{C015A36C-F02C-425C-9332-47BC17EEB4FB}.Debug|Any CPU.Build.0 = Debug|Any CPU
		{C015A36C-F02C-425C-9332-47BC17EEB4FB}.Release|Any CPU.ActiveCfg = Release|Any CPU
		{C015A36C-F02C-425C-9332-47BC17EEB4FB}.Release|Any CPU.Build.0 = Release|Any CPU
	EndGlobalSection
	GlobalSection(SolutionProperties) = preSolution
		HideSolutionNode = FALSE
	EndGlobalSection
	GlobalSection(ExtensibilityGlobals) = postSolution
		SolutionGuid = {6EC7DC6E-DF62-4CEA-A020-DEF07EAEBCC5}
	EndGlobalSection
EndGlobal
